
Microsoft Visual Studio Solution File, Format Version 12.00
# Visual Studio Version 16
VisualStudioVersion = 16.0.30621.155
MinimumVisualStudioVersion = 10.0.40219.1
Project("{FAE04EC0-301F-11D3-BF4B-00C04F79EFBC}") = "29102020dz", "29102020dz.csproj", "{30AA067A-4ECB-4F53-AEAF-3CC5FDA44300}"
EndProject
Global
	GlobalSection(SolutionConfigurationPlatforms) = preSolution
		Debug|Any CPU = Debug|Any CPU
		Release|Any CPU = Release|Any CPU
	EndGlobalSection
	GlobalSection(ProjectConfigurationPlatforms) = postSolution
		{30AA067A-4ECB-4F53-AEAF-3CC5FDA44300}.Debug|Any CPU.ActiveCfg = Debug|Any CPU
		{30AA067A-4ECB-4F53-AEAF-3CC5FDA44300}.Debug|Any CPU.Build.0 = Debug|Any CPU
		{30AA067A-4ECB-4F53-AEAF-3CC5FDA44300}.Release|Any CPU.ActiveCfg = Release|Any CPU
		{30AA067A-4ECB-4F53-AEAF-3CC5FDA44300}.Release|Any CPU.Build.0 = Release|Any CPU
	EndGlobalSection
	GlobalSection(SolutionProperties) = preSolution
		HideSolutionNode = FALSE
	EndGlobalSection
	GlobalSection(ExtensibilityGlobals) = postSolution
		SolutionGuid = {620CA84C-81FC-4FD5-BCCA-7DC855C1C7AD}
	EndGlobalSection
EndGlobal
